
Microsoft Visual Studio Solution File, Format Version 12.00
# Visual Studio 15
VisualStudioVersion = 15.0.28307.329
MinimumVisualStudioVersion = 10.0.40219.1
Project("{FAE04EC0-301F-11D3-BF4B-00C04F79EFBC}") = "TechnicalAssessment", "TechnicalAssessment\TechnicalAssessment.csproj", "{3BCF6738-8810-4387-84B7-90F2556A6028}"
EndProject
Global
	GlobalSection(SolutionConfigurationPlatforms) = preSolution
		Debug|Any CPU = Debug|Any CPU
		Release|Any CPU = Release|Any CPU
	EndGlobalSection
	GlobalSection(ProjectConfigurationPlatforms) = postSolution
		{3BCF6738-8810-4387-84B7-90F2556A6028}.Debug|Any CPU.ActiveCfg = Debug|Any CPU
		{3BCF6738-8810-4387-84B7-90F2556A6028}.Debug|Any CPU.Build.0 = Debug|Any CPU
		{3BCF6738-8810-4387-84B7-90F2556A6028}.Release|Any CPU.ActiveCfg = Release|Any CPU
		{3BCF6738-8810-4387-84B7-90F2556A6028}.Release|Any CPU.Build.0 = Release|Any CPU
	EndGlobalSection
	GlobalSection(SolutionProperties) = preSolution
		HideSolutionNode = FALSE
	EndGlobalSection
	GlobalSection(ExtensibilityGlobals) = postSolution
		SolutionGuid = {4237987D-0295-4DA9-93CA-E73C3D1A2F75}
	EndGlobalSection
EndGlobal
