
Microsoft Visual Studio Solution File, Format Version 12.00
# Visual Studio 15
VisualStudioVersion = 15.0.28307.329
MinimumVisualStudioVersion = 10.0.40219.1
Project("{9A19103F-16F7-4668-BE54-9A1E7A4F7556}") = "TechnicalAssessment.Web", "TechnicalAssessment\TechnicalAssessment.Web.csproj", "{F5874864-7C69-4BCD-B95B-C43B05056CB4}"
EndProject
Project("{FAE04EC0-301F-11D3-BF4B-00C04F79EFBC}") = "TechnicalAssessment.DataServices", "DataServices\TechnicalAssessment.DataServices.csproj", "{56FF9358-DA5F-4AF7-BAF5-E0673A2DC433}"
EndProject
Global
	GlobalSection(SolutionConfigurationPlatforms) = preSolution
		Debug|Any CPU = Debug|Any CPU
		Release|Any CPU = Release|Any CPU
	EndGlobalSection
	GlobalSection(ProjectConfigurationPlatforms) = postSolution
		{F5874864-7C69-4BCD-B95B-C43B05056CB4}.Debug|Any CPU.ActiveCfg = Debug|Any CPU
		{F5874864-7C69-4BCD-B95B-C43B05056CB4}.Debug|Any CPU.Build.0 = Debug|Any CPU
		{F5874864-7C69-4BCD-B95B-C43B05056CB4}.Release|Any CPU.ActiveCfg = Release|Any CPU
		{F5874864-7C69-4BCD-B95B-C43B05056CB4}.Release|Any CPU.Build.0 = Release|Any CPU
		{56FF9358-DA5F-4AF7-BAF5-E0673A2DC433}.Debug|Any CPU.ActiveCfg = Debug|Any CPU
		{56FF9358-DA5F-4AF7-BAF5-E0673A2DC433}.Debug|Any CPU.Build.0 = Debug|Any CPU
		{56FF9358-DA5F-4AF7-BAF5-E0673A2DC433}.Release|Any CPU.ActiveCfg = Release|Any CPU
		{56FF9358-DA5F-4AF7-BAF5-E0673A2DC433}.Release|Any CPU.Build.0 = Release|Any CPU
	EndGlobalSection
	GlobalSection(SolutionProperties) = preSolution
		HideSolutionNode = FALSE
	EndGlobalSection
	GlobalSection(ExtensibilityGlobals) = postSolution
		SolutionGuid = {8793F601-6F4E-4FB6-BE92-1EBCF579132E}
	EndGlobalSection
EndGlobal
